// !$*UTF8*$!
{
	archiveVersion = 1;
	classes = {
	};
	objectVersion = 56;
	objects = {

/* Begin PBXBuildFile section */
		80A577282D18DA7500E78359 /* DashboardButton.swift in Sources */ = {isa = PBXBuildFile; fileRef = 80A577272D18DA5800E78359 /* DashboardButton.swift */; };
		80A5772A2D18E79200E78359 /* Debt.swift in Sources */ = {isa = PBXBuildFile; fileRef = 80A577292D18E76700E78359 /* Debt.swift */; };
		80A5772C2D18E7C600E78359 /* SnowballCalculator.swift in Sources */ = {isa = PBXBuildFile; fileRef = 80A5772B2D18E7B000E78359 /* SnowballCalculator.swift */; };
		80A5772E2D18E81500E78359 /* SnowballView.swift in Sources */ = {isa = PBXBuildFile; fileRef = 80A5772D2D18E80D00E78359 /* SnowballView.swift */; };
		80A577302D18EB5400E78359 /* AddDebtView.swift in Sources */ = {isa = PBXBuildFile; fileRef = 80A5772F2D18EB4A00E78359 /* AddDebtView.swift */; };
		80A577322D18F1B900E78359 /* SavingsBucket.swift in Sources */ = {isa = PBXBuildFile; fileRef = 80A577312D18F1AA00E78359 /* SavingsBucket.swift */; };
		80A577342D18F1DD00E78359 /* SavingsBucketView.swift in Sources */ = {isa = PBXBuildFile; fileRef = 80A577332D18F1D200E78359 /* SavingsBucketView.swift */; };
		80A577362D18F21C00E78359 /* AddSavingsBucketView.swift in Sources */ = {isa = PBXBuildFile; fileRef = 80A577352D18F20D00E78359 /* AddSavingsBucketView.swift */; };
		80B651A22D11096600ADE42E /* DashboardView.swift in Sources */ = {isa = PBXBuildFile; fileRef = 80B651A12D11095200ADE42E /* DashboardView.swift */; };
		80C1F2D32D0D33E9001FFBA3 /* SimpleBudgetAppApp.swift in Sources */ = {isa = PBXBuildFile; fileRef = 80C1F2D22D0D33E9001FFBA3 /* SimpleBudgetAppApp.swift */; };
		80C1F2D52D0D33E9001FFBA3 /* ContentView.swift in Sources */ = {isa = PBXBuildFile; fileRef = 80C1F2D42D0D33E9001FFBA3 /* ContentView.swift */; };
		80C1F2D72D0D33ED001FFBA3 /* Assets.xcassets in Resources */ = {isa = PBXBuildFile; fileRef = 80C1F2D62D0D33ED001FFBA3 /* Assets.xcassets */; };
		80C1F2DA2D0D33ED001FFBA3 /* Preview Assets.xcassets in Resources */ = {isa = PBXBuildFile; fileRef = 80C1F2D92D0D33ED001FFBA3 /* Preview Assets.xcassets */; };
		80C1F2E12D0D35F9001FFBA3 /* BudgetData.swift in Sources */ = {isa = PBXBuildFile; fileRef = 80C1F2E02D0D35F9001FFBA3 /* BudgetData.swift */; };
		80C1F2E32D0D3801001FFBA3 /* IncomeInputView.swift in Sources */ = {isa = PBXBuildFile; fileRef = 80C1F2E22D0D3801001FFBA3 /* IncomeInputView.swift */; };
		80C1F2E52D0D3C18001FFBA3 /* ExpenseInputView.swift in Sources */ = {isa = PBXBuildFile; fileRef = 80C1F2E42D0D3C18001FFBA3 /* ExpenseInputView.swift */; };
		80C1F2E72D0D3DB6001FFBA3 /* ReportView.swift in Sources */ = {isa = PBXBuildFile; fileRef = 80C1F2E62D0D3DB6001FFBA3 /* ReportView.swift */; };
		80C1F2E92D0D3E87001FFBA3 /* SummaryView.swift in Sources */ = {isa = PBXBuildFile; fileRef = 80C1F2E82D0D3E87001FFBA3 /* SummaryView.swift */; };
		80F55DC12D0D61C00008DAB5 /* Category.swift in Sources */ = {isa = PBXBuildFile; fileRef = 80F55DC02D0D61C00008DAB5 /* Category.swift */; };
		80F55DC32D0D643C0008DAB5 /* Expense.swift in Sources */ = {isa = PBXBuildFile; fileRef = 80F55DC22D0D643C0008DAB5 /* Expense.swift */; };
		80F55DC52D0D65110008DAB5 /* BudgetEnums.swift in Sources */ = {isa = PBXBuildFile; fileRef = 80F55DC42D0D65110008DAB5 /* BudgetEnums.swift */; };
		80F55DC72D0D65610008DAB5 /* CategoryManagementView.swift in Sources */ = {isa = PBXBuildFile; fileRef = 80F55DC62D0D65610008DAB5 /* CategoryManagementView.swift */; };
		80F55DC92D0D658B0008DAB5 /* AddCategoryView.swift in Sources */ = {isa = PBXBuildFile; fileRef = 80F55DC82D0D658B0008DAB5 /* AddCategoryView.swift */; };
		80F55DCB2D0D65E70008DAB5 /* EditCategoryView.swift in Sources */ = {isa = PBXBuildFile; fileRef = 80F55DCA2D0D65E70008DAB5 /* EditCategoryView.swift */; };
		80F55DD12D0D76620008DAB5 /* CategoryExpenseBreakdownView.swift in Sources */ = {isa = PBXBuildFile; fileRef = 80F55DD02D0D76620008DAB5 /* CategoryExpenseBreakdownView.swift */; };
		80F55DD32D0D776A0008DAB5 /* RecommendedRatiosView.swift in Sources */ = {isa = PBXBuildFile; fileRef = 80F55DD22D0D776A0008DAB5 /* RecommendedRatiosView.swift */; };
		80F55DD52D0E52F50008DAB5 /* EmergencyFundView.swift in Sources */ = {isa = PBXBuildFile; fileRef = 80F55DD42D0E52F50008DAB5 /* EmergencyFundView.swift */; };
/* End PBXBuildFile section */

/* Begin PBXFileReference section */
		80A577272D18DA5800E78359 /* DashboardButton.swift */ = {isa = PBXFileReference; lastKnownFileType = sourcecode.swift; path = DashboardButton.swift; sourceTree = "<group>"; };
		80A577292D18E76700E78359 /* Debt.swift */ = {isa = PBXFileReference; lastKnownFileType = sourcecode.swift; path = Debt.swift; sourceTree = "<group>"; };
		80A5772B2D18E7B000E78359 /* SnowballCalculator.swift */ = {isa = PBXFileReference; lastKnownFileType = sourcecode.swift; path = SnowballCalculator.swift; sourceTree = "<group>"; };
		80A5772D2D18E80D00E78359 /* SnowballView.swift */ = {isa = PBXFileReference; lastKnownFileType = sourcecode.swift; path = SnowballView.swift; sourceTree = "<group>"; };
		80A5772F2D18EB4A00E78359 /* AddDebtView.swift */ = {isa = PBXFileReference; lastKnownFileType = sourcecode.swift; path = AddDebtView.swift; sourceTree = "<group>"; };
		80A577312D18F1AA00E78359 /* SavingsBucket.swift */ = {isa = PBXFileReference; lastKnownFileType = sourcecode.swift; path = SavingsBucket.swift; sourceTree = "<group>"; };
		80A577332D18F1D200E78359 /* SavingsBucketView.swift */ = {isa = PBXFileReference; lastKnownFileType = sourcecode.swift; path = SavingsBucketView.swift; sourceTree = "<group>"; };
		80A577352D18F20D00E78359 /* AddSavingsBucketView.swift */ = {isa = PBXFileReference; lastKnownFileType = sourcecode.swift; path = AddSavingsBucketView.swift; sourceTree = "<group>"; };
		80B651A12D11095200ADE42E /* DashboardView.swift */ = {isa = PBXFileReference; lastKnownFileType = sourcecode.swift; path = DashboardView.swift; sourceTree = "<group>"; };
		80C1F2CF2D0D33E9001FFBA3 /* SimpleBudgetApp.app */ = {isa = PBXFileReference; explicitFileType = wrapper.application; includeInIndex = 0; path = SimpleBudgetApp.app; sourceTree = BUILT_PRODUCTS_DIR; };
		80C1F2D22D0D33E9001FFBA3 /* SimpleBudgetAppApp.swift */ = {isa = PBXFileReference; lastKnownFileType = sourcecode.swift; path = SimpleBudgetAppApp.swift; sourceTree = "<group>"; };
		80C1F2D42D0D33E9001FFBA3 /* ContentView.swift */ = {isa = PBXFileReference; lastKnownFileType = sourcecode.swift; path = ContentView.swift; sourceTree = "<group>"; };
		80C1F2D62D0D33ED001FFBA3 /* Assets.xcassets */ = {isa = PBXFileReference; lastKnownFileType = folder.assetcatalog; path = Assets.xcassets; sourceTree = "<group>"; };
		80C1F2D92D0D33ED001FFBA3 /* Preview Assets.xcassets */ = {isa = PBXFileReference; lastKnownFileType = folder.assetcatalog; path = "Preview Assets.xcassets"; sourceTree = "<group>"; };
		80C1F2E02D0D35F9001FFBA3 /* BudgetData.swift */ = {isa = PBXFileReference; lastKnownFileType = sourcecode.swift; path = BudgetData.swift; sourceTree = "<group>"; };
		80C1F2E22D0D3801001FFBA3 /* IncomeInputView.swift */ = {isa = PBXFileReference; lastKnownFileType = sourcecode.swift; path = IncomeInputView.swift; sourceTree = "<group>"; };
		80C1F2E42D0D3C18001FFBA3 /* ExpenseInputView.swift */ = {isa = PBXFileReference; lastKnownFileType = sourcecode.swift; path = ExpenseInputView.swift; sourceTree = "<group>"; };
		80C1F2E62D0D3DB6001FFBA3 /* ReportView.swift */ = {isa = PBXFileReference; lastKnownFileType = sourcecode.swift; path = ReportView.swift; sourceTree = "<group>"; };
		80C1F2E82D0D3E87001FFBA3 /* SummaryView.swift */ = {isa = PBXFileReference; lastKnownFileType = sourcecode.swift; path = SummaryView.swift; sourceTree = "<group>"; };
		80F55DC02D0D61C00008DAB5 /* Category.swift */ = {isa = PBXFileReference; lastKnownFileType = sourcecode.swift; path = Category.swift; sourceTree = "<group>"; };
		80F55DC22D0D643C0008DAB5 /* Expense.swift */ = {isa = PBXFileReference; lastKnownFileType = sourcecode.swift; path = Expense.swift; sourceTree = "<group>"; };
		80F55DC42D0D65110008DAB5 /* BudgetEnums.swift */ = {isa = PBXFileReference; lastKnownFileType = sourcecode.swift; path = BudgetEnums.swift; sourceTree = "<group>"; };
		80F55DC62D0D65610008DAB5 /* CategoryManagementView.swift */ = {isa = PBXFileReference; lastKnownFileType = sourcecode.swift; path = CategoryManagementView.swift; sourceTree = "<group>"; };
		80F55DC82D0D658B0008DAB5 /* AddCategoryView.swift */ = {isa = PBXFileReference; lastKnownFileType = sourcecode.swift; path = AddCategoryView.swift; sourceTree = "<group>"; };
		80F55DCA2D0D65E70008DAB5 /* EditCategoryView.swift */ = {isa = PBXFileReference; lastKnownFileType = sourcecode.swift; path = EditCategoryView.swift; sourceTree = "<group>"; };
		80F55DD02D0D76620008DAB5 /* CategoryExpenseBreakdownView.swift */ = {isa = PBXFileReference; lastKnownFileType = sourcecode.swift; path = CategoryExpenseBreakdownView.swift; sourceTree = "<group>"; };
		80F55DD22D0D776A0008DAB5 /* RecommendedRatiosView.swift */ = {isa = PBXFileReference; lastKnownFileType = sourcecode.swift; path = RecommendedRatiosView.swift; sourceTree = "<group>"; };
		80F55DD42D0E52F50008DAB5 /* EmergencyFundView.swift */ = {isa = PBXFileReference; lastKnownFileType = sourcecode.swift; path = EmergencyFundView.swift; sourceTree = "<group>"; };
/* End PBXFileReference section */

/* Begin PBXFrameworksBuildPhase section */
		80C1F2CC2D0D33E9001FFBA3 /* Frameworks */ = {
			isa = PBXFrameworksBuildPhase;
			buildActionMask = 2147483647;
			files = (
			);
			runOnlyForDeploymentPostprocessing = 0;
		};
/* End PBXFrameworksBuildPhase section */

/* Begin PBXGroup section */
		80C1F2C62D0D33E9001FFBA3 = {
			isa = PBXGroup;
			children = (
				80C1F2D12D0D33E9001FFBA3 /* SimpleBudgetApp */,
				80C1F2D02D0D33E9001FFBA3 /* Products */,
			);
			sourceTree = "<group>";
		};
		80C1F2D02D0D33E9001FFBA3 /* Products */ = {
			isa = PBXGroup;
			children = (
				80C1F2CF2D0D33E9001FFBA3 /* SimpleBudgetApp.app */,
			);
			name = Products;
			sourceTree = "<group>";
		};
		80C1F2D12D0D33E9001FFBA3 /* SimpleBudgetApp */ = {
			isa = PBXGroup;
			children = (
				80C1F2D22D0D33E9001FFBA3 /* SimpleBudgetAppApp.swift */,
				80C1F2D42D0D33E9001FFBA3 /* ContentView.swift */,
				80F55DCC2D0D66D70008DAB5 /* Models */,
				80F55DCD2D0D67260008DAB5 /* Enums */,
				80F55DCF2D0D678E0008DAB5 /* Views */,
				80C1F2D62D0D33ED001FFBA3 /* Assets.xcassets */,
				80C1F2D82D0D33ED001FFBA3 /* Preview Content */,
			);
			path = SimpleBudgetApp;
			sourceTree = "<group>";
		};
		80C1F2D82D0D33ED001FFBA3 /* Preview Content */ = {
			isa = PBXGroup;
			children = (
				80C1F2D92D0D33ED001FFBA3 /* Preview Assets.xcassets */,
			);
			path = "Preview Content";
			sourceTree = "<group>";
		};
		80F55DCC2D0D66D70008DAB5 /* Models */ = {
			isa = PBXGroup;
			children = (
				80A577312D18F1AA00E78359 /* SavingsBucket.swift */,
				80A5772B2D18E7B000E78359 /* SnowballCalculator.swift */,
				80A577292D18E76700E78359 /* Debt.swift */,
				80F55DC02D0D61C00008DAB5 /* Category.swift */,
				80F55DC22D0D643C0008DAB5 /* Expense.swift */,
				80C1F2E02D0D35F9001FFBA3 /* BudgetData.swift */,
			);
			path = Models;
			sourceTree = "<group>";
		};
		80F55DCD2D0D67260008DAB5 /* Enums */ = {
			isa = PBXGroup;
			children = (
				80F55DC42D0D65110008DAB5 /* BudgetEnums.swift */,
			);
			path = Enums;
			sourceTree = "<group>";
		};
		80F55DCF2D0D678E0008DAB5 /* Views */ = {
			isa = PBXGroup;
			children = (
				80A577352D18F20D00E78359 /* AddSavingsBucketView.swift */,
				80A577332D18F1D200E78359 /* SavingsBucketView.swift */,
				80A5772F2D18EB4A00E78359 /* AddDebtView.swift */,
				80A5772D2D18E80D00E78359 /* SnowballView.swift */,
				80A577272D18DA5800E78359 /* DashboardButton.swift */,
				80B651A12D11095200ADE42E /* DashboardView.swift */,
				80C1F2E22D0D3801001FFBA3 /* IncomeInputView.swift */,
				80C1F2E42D0D3C18001FFBA3 /* ExpenseInputView.swift */,
				80C1F2E82D0D3E87001FFBA3 /* SummaryView.swift */,
				80C1F2E62D0D3DB6001FFBA3 /* ReportView.swift */,
				80F55DD02D0D76620008DAB5 /* CategoryExpenseBreakdownView.swift */,
				80F55DC62D0D65610008DAB5 /* CategoryManagementView.swift */,
				80F55DC82D0D658B0008DAB5 /* AddCategoryView.swift */,
				80F55DCA2D0D65E70008DAB5 /* EditCategoryView.swift */,
				80F55DD22D0D776A0008DAB5 /* RecommendedRatiosView.swift */,
				80F55DD42D0E52F50008DAB5 /* EmergencyFundView.swift */,
			);
			path = Views;
			sourceTree = "<group>";
		};
/* End PBXGroup section */

/* Begin PBXNativeTarget section */
		80C1F2CE2D0D33E9001FFBA3 /* SimpleBudgetApp */ = {
			isa = PBXNativeTarget;
			buildConfigurationList = 80C1F2DD2D0D33ED001FFBA3 /* Build configuration list for PBXNativeTarget "SimpleBudgetApp" */;
			buildPhases = (
				80C1F2CB2D0D33E9001FFBA3 /* Sources */,
				80C1F2CC2D0D33E9001FFBA3 /* Frameworks */,
				80C1F2CD2D0D33E9001FFBA3 /* Resources */,
			);
			buildRules = (
			);
			dependencies = (
			);
			name = SimpleBudgetApp;
			productName = SimpleBudgetApp;
			productReference = 80C1F2CF2D0D33E9001FFBA3 /* SimpleBudgetApp.app */;
			productType = "com.apple.product-type.application";
		};
/* End PBXNativeTarget section */

/* Begin PBXProject section */
		80C1F2C72D0D33E9001FFBA3 /* Project object */ = {
			isa = PBXProject;
			attributes = {
				BuildIndependentTargetsInParallel = 1;
				LastSwiftUpdateCheck = 1520;
				LastUpgradeCheck = 1520;
				TargetAttributes = {
					80C1F2CE2D0D33E9001FFBA3 = {
						CreatedOnToolsVersion = 15.2;
					};
				};
			};
			buildConfigurationList = 80C1F2CA2D0D33E9001FFBA3 /* Build configuration list for PBXProject "SimpleBudgetApp" */;
			compatibilityVersion = "Xcode 14.0";
			developmentRegion = en;
			hasScannedForEncodings = 0;
			knownRegions = (
				en,
				Base,
			);
			mainGroup = 80C1F2C62D0D33E9001FFBA3;
			productRefGroup = 80C1F2D02D0D33E9001FFBA3 /* Products */;
			projectDirPath = "";
			projectRoot = "";
			targets = (
				80C1F2CE2D0D33E9001FFBA3 /* SimpleBudgetApp */,
			);
		};
/* End PBXProject section */

/* Begin PBXResourcesBuildPhase section */
		80C1F2CD2D0D33E9001FFBA3 /* Resources */ = {
			isa = PBXResourcesBuildPhase;
			buildActionMask = 2147483647;
			files = (
				80C1F2DA2D0D33ED001FFBA3 /* Preview Assets.xcassets in Resources */,
				80C1F2D72D0D33ED001FFBA3 /* Assets.xcassets in Resources */,
			);
			runOnlyForDeploymentPostprocessing = 0;
		};
/* End PBXResourcesBuildPhase section */

/* Begin PBXSourcesBuildPhase section */
		80C1F2CB2D0D33E9001FFBA3 /* Sources */ = {
			isa = PBXSourcesBuildPhase;
			buildActionMask = 2147483647;
			files = (
				80C1F2D52D0D33E9001FFBA3 /* ContentView.swift in Sources */,
				80C1F2E92D0D3E87001FFBA3 /* SummaryView.swift in Sources */,
				80A577282D18DA7500E78359 /* DashboardButton.swift in Sources */,
				80C1F2E12D0D35F9001FFBA3 /* BudgetData.swift in Sources */,
				80F55DD12D0D76620008DAB5 /* CategoryExpenseBreakdownView.swift in Sources */,
				80F55DC72D0D65610008DAB5 /* CategoryManagementView.swift in Sources */,
				80A5772C2D18E7C600E78359 /* SnowballCalculator.swift in Sources */,
				80C1F2E72D0D3DB6001FFBA3 /* ReportView.swift in Sources */,
				80C1F2E52D0D3C18001FFBA3 /* ExpenseInputView.swift in Sources */,
				80A577322D18F1B900E78359 /* SavingsBucket.swift in Sources */,
				80F55DC92D0D658B0008DAB5 /* AddCategoryView.swift in Sources */,
				80C1F2E32D0D3801001FFBA3 /* IncomeInputView.swift in Sources */,
				80F55DD52D0E52F50008DAB5 /* EmergencyFundView.swift in Sources */,
				80A577362D18F21C00E78359 /* AddSavingsBucketView.swift in Sources */,
				80A5772A2D18E79200E78359 /* Debt.swift in Sources */,
				80A577342D18F1DD00E78359 /* SavingsBucketView.swift in Sources */,
				80B651A22D11096600ADE42E /* DashboardView.swift in Sources */,
				80A5772E2D18E81500E78359 /* SnowballView.swift in Sources */,
				80A577302D18EB5400E78359 /* AddDebtView.swift in Sources */,
				80F55DC32D0D643C0008DAB5 /* Expense.swift in Sources */,
				80F55DCB2D0D65E70008DAB5 /* EditCategoryView.swift in Sources */,
				80C1F2D32D0D33E9001FFBA3 /* SimpleBudgetAppApp.swift in Sources */,
				80F55DC12D0D61C00008DAB5 /* Category.swift in Sources */,
				80F55DC52D0D65110008DAB5 /* BudgetEnums.swift in Sources */,
				80F55DD32D0D776A0008DAB5 /* RecommendedRatiosView.swift in Sources */,
			);
			runOnlyForDeploymentPostprocessing = 0;
		};
/* End PBXSourcesBuildPhase section */

/* Begin XCBuildConfiguration section */
		80C1F2DB2D0D33ED001FFBA3 /* Debug */ = {
			isa = XCBuildConfiguration;
			buildSettings = {
				ALWAYS_SEARCH_USER_PATHS = NO;
				ASSETCATALOG_COMPILER_GENERATE_SWIFT_ASSET_SYMBOL_EXTENSIONS = YES;
				CLANG_ANALYZER_NONNULL = YES;
				CLANG_ANALYZER_NUMBER_OBJECT_CONVERSION = YES_AGGRESSIVE;
				CLANG_CXX_LANGUAGE_STANDARD = "gnu++20";
				CLANG_ENABLE_MODULES = YES;
				CLANG_ENABLE_OBJC_ARC = YES;
				CLANG_ENABLE_OBJC_WEAK = YES;
				CLANG_WARN_BLOCK_CAPTURE_AUTORELEASING = YES;
				CLANG_WARN_BOOL_CONVERSION = YES;
				CLANG_WARN_COMMA = YES;
				CLANG_WARN_CONSTANT_CONVERSION = YES;
				CLANG_WARN_DEPRECATED_OBJC_IMPLEMENTATIONS = YES;
				CLANG_WARN_DIRECT_OBJC_ISA_USAGE = YES_ERROR;
				CLANG_WARN_DOCUMENTATION_COMMENTS = YES;
				CLANG_WARN_EMPTY_BODY = YES;
				CLANG_WARN_ENUM_CONVERSION = YES;
				CLANG_WARN_INFINITE_RECURSION = YES;
				CLANG_WARN_INT_CONVERSION = YES;
				CLANG_WARN_NON_LITERAL_NULL_CONVERSION = YES;
				CLANG_WARN_OBJC_IMPLICIT_RETAIN_SELF = YES;
				CLANG_WARN_OBJC_LITERAL_CONVERSION = YES;
				CLANG_WARN_OBJC_ROOT_CLASS = YES_ERROR;
				CLANG_WARN_QUOTED_INCLUDE_IN_FRAMEWORK_HEADER = YES;
				CLANG_WARN_RANGE_LOOP_ANALYSIS = YES;
				CLANG_WARN_STRICT_PROTOTYPES = YES;
				CLANG_WARN_SUSPICIOUS_MOVE = YES;
				CLANG_WARN_UNGUARDED_AVAILABILITY = YES_AGGRESSIVE;
				CLANG_WARN_UNREACHABLE_CODE = YES;
				CLANG_WARN__DUPLICATE_METHOD_MATCH = YES;
				COPY_PHASE_STRIP = NO;
				DEBUG_INFORMATION_FORMAT = dwarf;
				ENABLE_STRICT_OBJC_MSGSEND = YES;
				ENABLE_TESTABILITY = YES;
				ENABLE_USER_SCRIPT_SANDBOXING = YES;
				GCC_C_LANGUAGE_STANDARD = gnu17;
				GCC_DYNAMIC_NO_PIC = NO;
				GCC_NO_COMMON_BLOCKS = YES;
				GCC_OPTIMIZATION_LEVEL = 0;
				GCC_PREPROCESSOR_DEFINITIONS = (
					"DEBUG=1",
					"$(inherited)",
				);
				GCC_WARN_64_TO_32_BIT_CONVERSION = YES;
				GCC_WARN_ABOUT_RETURN_TYPE = YES_ERROR;
				GCC_WARN_UNDECLARED_SELECTOR = YES;
				GCC_WARN_UNINITIALIZED_AUTOS = YES_AGGRESSIVE;
				GCC_WARN_UNUSED_FUNCTION = YES;
				GCC_WARN_UNUSED_VARIABLE = YES;
				IPHONEOS_DEPLOYMENT_TARGET = 17.2;
				LOCALIZATION_PREFERS_STRING_CATALOGS = YES;
				MTL_ENABLE_DEBUG_INFO = INCLUDE_SOURCE;
				MTL_FAST_MATH = YES;
				ONLY_ACTIVE_ARCH = YES;
				SDKROOT = iphoneos;
				SWIFT_ACTIVE_COMPILATION_CONDITIONS = "DEBUG $(inherited)";
				SWIFT_OPTIMIZATION_LEVEL = "-Onone";
			};
			name = Debug;
		};
		80C1F2DC2D0D33ED001FFBA3 /* Release */ = {
			isa = XCBuildConfiguration;
			buildSettings = {
				ALWAYS_SEARCH_USER_PATHS = NO;
				ASSETCATALOG_COMPILER_GENERATE_SWIFT_ASSET_SYMBOL_EXTENSIONS = YES;
				CLANG_ANALYZER_NONNULL = YES;
				CLANG_ANALYZER_NUMBER_OBJECT_CONVERSION = YES_AGGRESSIVE;
				CLANG_CXX_LANGUAGE_STANDARD = "gnu++20";
				CLANG_ENABLE_MODULES = YES;
				CLANG_ENABLE_OBJC_ARC = YES;
				CLANG_ENABLE_OBJC_WEAK = YES;
				CLANG_WARN_BLOCK_CAPTURE_AUTORELEASING = YES;
				CLANG_WARN_BOOL_CONVERSION = YES;
				CLANG_WARN_COMMA = YES;
				CLANG_WARN_CONSTANT_CONVERSION = YES;
				CLANG_WARN_DEPRECATED_OBJC_IMPLEMENTATIONS = YES;
				CLANG_WARN_DIRECT_OBJC_ISA_USAGE = YES_ERROR;
				CLANG_WARN_DOCUMENTATION_COMMENTS = YES;
				CLANG_WARN_EMPTY_BODY = YES;
				CLANG_WARN_ENUM_CONVERSION = YES;
				CLANG_WARN_INFINITE_RECURSION = YES;
				CLANG_WARN_INT_CONVERSION = YES;
				CLANG_WARN_NON_LITERAL_NULL_CONVERSION = YES;
				CLANG_WARN_OBJC_IMPLICIT_RETAIN_SELF = YES;
				CLANG_WARN_OBJC_LITERAL_CONVERSION = YES;
				CLANG_WARN_OBJC_ROOT_CLASS = YES_ERROR;
				CLANG_WARN_QUOTED_INCLUDE_IN_FRAMEWORK_HEADER = YES;
				CLANG_WARN_RANGE_LOOP_ANALYSIS = YES;
				CLANG_WARN_STRICT_PROTOTYPES = YES;
				CLANG_WARN_SUSPICIOUS_MOVE = YES;
				CLANG_WARN_UNGUARDED_AVAILABILITY = YES_AGGRESSIVE;
				CLANG_WARN_UNREACHABLE_CODE = YES;
				CLANG_WARN__DUPLICATE_METHOD_MATCH = YES;
				COPY_PHASE_STRIP = NO;
				DEBUG_INFORMATION_FORMAT = "dwarf-with-dsym";
				ENABLE_NS_ASSERTIONS = NO;
				ENABLE_STRICT_OBJC_MSGSEND = YES;
				ENABLE_USER_SCRIPT_SANDBOXING = YES;
				GCC_C_LANGUAGE_STANDARD = gnu17;
				GCC_NO_COMMON_BLOCKS = YES;
				GCC_WARN_64_TO_32_BIT_CONVERSION = YES;
				GCC_WARN_ABOUT_RETURN_TYPE = YES_ERROR;
				GCC_WARN_UNDECLARED_SELECTOR = YES;
				GCC_WARN_UNINITIALIZED_AUTOS = YES_AGGRESSIVE;
				GCC_WARN_UNUSED_FUNCTION = YES;
				GCC_WARN_UNUSED_VARIABLE = YES;
				IPHONEOS_DEPLOYMENT_TARGET = 17.2;
				LOCALIZATION_PREFERS_STRING_CATALOGS = YES;
				MTL_ENABLE_DEBUG_INFO = NO;
				MTL_FAST_MATH = YES;
				SDKROOT = iphoneos;
				SWIFT_COMPILATION_MODE = wholemodule;
				VALIDATE_PRODUCT = YES;
			};
			name = Release;
		};
		80C1F2DE2D0D33ED001FFBA3 /* Debug */ = {
			isa = XCBuildConfiguration;
			buildSettings = {
				ASSETCATALOG_COMPILER_APPICON_NAME = AppIcon;
				ASSETCATALOG_COMPILER_GLOBAL_ACCENT_COLOR_NAME = AccentColor;
				CODE_SIGN_STYLE = Automatic;
				CURRENT_PROJECT_VERSION = 1;
				DEVELOPMENT_ASSET_PATHS = "\"SimpleBudgetApp/Preview Content\"";
				ENABLE_PREVIEWS = YES;
				GENERATE_INFOPLIST_FILE = YES;
				INFOPLIST_KEY_UIApplicationSceneManifest_Generation = YES;
				INFOPLIST_KEY_UIApplicationSupportsIndirectInputEvents = YES;
				INFOPLIST_KEY_UILaunchScreen_Generation = YES;
				INFOPLIST_KEY_UISupportedInterfaceOrientations_iPad = "UIInterfaceOrientationPortrait UIInterfaceOrientationPortraitUpsideDown UIInterfaceOrientationLandscapeLeft UIInterfaceOrientationLandscapeRight";
				INFOPLIST_KEY_UISupportedInterfaceOrientations_iPhone = "UIInterfaceOrientationPortrait UIInterfaceOrientationLandscapeLeft UIInterfaceOrientationLandscapeRight";
				LD_RUNPATH_SEARCH_PATHS = (
					"$(inherited)",
					"@executable_path/Frameworks",
				);
				MARKETING_VERSION = 1.0;
				PRODUCT_BUNDLE_IDENTIFIER = com.qaalignllc.www.SimpleBudgetApp;
				PRODUCT_NAME = "$(TARGET_NAME)";
				SWIFT_EMIT_LOC_STRINGS = YES;
				SWIFT_VERSION = 5.0;
				TARGETED_DEVICE_FAMILY = "1,2";
			};
			name = Debug;
		};
		80C1F2DF2D0D33ED001FFBA3 /* Release */ = {
			isa = XCBuildConfiguration;
			buildSettings = {
				ASSETCATALOG_COMPILER_APPICON_NAME = AppIcon;
				ASSETCATALOG_COMPILER_GLOBAL_ACCENT_COLOR_NAME = AccentColor;
				CODE_SIGN_STYLE = Automatic;
				CURRENT_PROJECT_VERSION = 1;
				DEVELOPMENT_ASSET_PATHS = "\"SimpleBudgetApp/Preview Content\"";
				ENABLE_PREVIEWS = YES;
				GENERATE_INFOPLIST_FILE = YES;
				INFOPLIST_KEY_UIApplicationSceneManifest_Generation = YES;
				INFOPLIST_KEY_UIApplicationSupportsIndirectInputEvents = YES;
				INFOPLIST_KEY_UILaunchScreen_Generation = YES;
				INFOPLIST_KEY_UISupportedInterfaceOrientations_iPad = "UIInterfaceOrientationPortrait UIInterfaceOrientationPortraitUpsideDown UIInterfaceOrientationLandscapeLeft UIInterfaceOrientationLandscapeRight";
				INFOPLIST_KEY_UISupportedInterfaceOrientations_iPhone = "UIInterfaceOrientationPortrait UIInterfaceOrientationLandscapeLeft UIInterfaceOrientationLandscapeRight";
				LD_RUNPATH_SEARCH_PATHS = (
					"$(inherited)",
					"@executable_path/Frameworks",
				);
				MARKETING_VERSION = 1.0;
				PRODUCT_BUNDLE_IDENTIFIER = com.qaalignllc.www.SimpleBudgetApp;
				PRODUCT_NAME = "$(TARGET_NAME)";
				SWIFT_EMIT_LOC_STRINGS = YES;
				SWIFT_VERSION = 5.0;
				TARGETED_DEVICE_FAMILY = "1,2";
			};
			name = Release;
		};
/* End XCBuildConfiguration section */

/* Begin XCConfigurationList section */
		80C1F2CA2D0D33E9001FFBA3 /* Build configuration list for PBXProject "SimpleBudgetApp" */ = {
			isa = XCConfigurationList;
			buildConfigurations = (
				80C1F2DB2D0D33ED001FFBA3 /* Debug */,
				80C1F2DC2D0D33ED001FFBA3 /* Release */,
			);
			defaultConfigurationIsVisible = 0;
			defaultConfigurationName = Release;
		};
		80C1F2DD2D0D33ED001FFBA3 /* Build configuration list for PBXNativeTarget "SimpleBudgetApp" */ = {
			isa = XCConfigurationList;
			buildConfigurations = (
				80C1F2DE2D0D33ED001FFBA3 /* Debug */,
				80C1F2DF2D0D33ED001FFBA3 /* Release */,
			);
			defaultConfigurationIsVisible = 0;
			defaultConfigurationName = Release;
		};
/* End XCConfigurationList section */
	};
	rootObject = 80C1F2C72D0D33E9001FFBA3 /* Project object */;
}
